
Microsoft Visual Studio Solution File, Format Version 12.00
# Visual Studio Version 17
VisualStudioVersion = 17.11.35222.181
MinimumVisualStudioVersion = 10.0.40219.1
Project("{FAE04EC0-301F-11D3-BF4B-00C04F79EFBC}") = "WindowCRUD", "WindowCRUD.csproj", "{6456E400-9E78-4D42-A9F4-5D7C0B243B64}"
EndProject
Global
	GlobalSection(SolutionConfigurationPlatforms) = preSolution
		Debug|Any CPU = Debug|Any CPU
		Release|Any CPU = Release|Any CPU
	EndGlobalSection
	GlobalSection(ProjectConfigurationPlatforms) = postSolution
		{6456E400-9E78-4D42-A9F4-5D7C0B243B64}.Debug|Any CPU.ActiveCfg = Debug|Any CPU
		{6456E400-9E78-4D42-A9F4-5D7C0B243B64}.Debug|Any CPU.Build.0 = Debug|Any CPU
		{6456E400-9E78-4D42-A9F4-5D7C0B243B64}.Release|Any CPU.ActiveCfg = Release|Any CPU
		{6456E400-9E78-4D42-A9F4-5D7C0B243B64}.Release|Any CPU.Build.0 = Release|Any CPU
	EndGlobalSection
	GlobalSection(SolutionProperties) = preSolution
		HideSolutionNode = FALSE
	EndGlobalSection
	GlobalSection(ExtensibilityGlobals) = postSolution
		SolutionGuid = {27E424EB-09D0-40AE-971F-8F4277324D27}
	EndGlobalSection
EndGlobal
